
Microsoft Visual Studio Solution File, Format Version 12.00
# Visual Studio Version 17
VisualStudioVersion = 17.5.33414.496
MinimumVisualStudioVersion = 10.0.40219.1
Project("{8BC9CEB8-8B4A-11D0-8D11-00A0C91BC942}") = "BOJ_CPP", "BOJ_CPP\BOJ_CPP.vcxproj", "{2EA775C9-44F9-4CC5-B51D-FC017A533762}"
EndProject
Global
	GlobalSection(SolutionConfigurationPlatforms) = preSolution
		Debug|x64 = Debug|x64
		Debug|x86 = Debug|x86
		Release|x64 = Release|x64
		Release|x86 = Release|x86
	EndGlobalSection
	GlobalSection(ProjectConfigurationPlatforms) = postSolution
		{2EA775C9-44F9-4CC5-B51D-FC017A533762}.Debug|x64.ActiveCfg = Debug|x64
		{2EA775C9-44F9-4CC5-B51D-FC017A533762}.Debug|x64.Build.0 = Debug|x64
		{2EA775C9-44F9-4CC5-B51D-FC017A533762}.Debug|x86.ActiveCfg = Debug|Win32
		{2EA775C9-44F9-4CC5-B51D-FC017A533762}.Debug|x86.Build.0 = Debug|Win32
		{2EA775C9-44F9-4CC5-B51D-FC017A533762}.Release|x64.ActiveCfg = Release|x64
		{2EA775C9-44F9-4CC5-B51D-FC017A533762}.Release|x64.Build.0 = Release|x64
		{2EA775C9-44F9-4CC5-B51D-FC017A533762}.Release|x86.ActiveCfg = Release|Win32
		{2EA775C9-44F9-4CC5-B51D-FC017A533762}.Release|x86.Build.0 = Release|Win32
	EndGlobalSection
	GlobalSection(SolutionProperties) = preSolution
		HideSolutionNode = FALSE
	EndGlobalSection
	GlobalSection(ExtensibilityGlobals) = postSolution
		SolutionGuid = {769D1630-4E1F-4535-AA79-FCD5E607635B}
	EndGlobalSection
EndGlobal
